{
    "_readme": [
        "This file locks the dependencies of your project to a known state",
        "Read more about it at https://getcomposer.org/doc/01-basic-usage.md#composer-lock-the-lock-file",
        "This file is @generated automatically"
    ],
    "hash": "b1e6b19e19a5a3d69b62211b214facb9",
    "content-hash": "4d71246b4196f7312879c560b4b4253a",
    "packages": [
        {
            "name": "educoder/pest",
            "version": "1.0.0",
            "source": {
                "type": "git",
                "url": "https://github.com/educoder/pest.git",
                "reference": "7c4d24d6aafc4ebac711c73cc8797d9b1779525b"
            },
            "dist": {
                "type": "zip",
                "url": "https://api.github.com/repos/educoder/pest/zipball/7c4d24d6aafc4ebac711c73cc8797d9b1779525b",
                "reference": "7c4d24d6aafc4ebac711c73cc8797d9b1779525b",
                "shasum": ""
            },
            "require": {
                "lib-curl": "*",
                "php": ">=5.2"
            },
            "type": "library",
            "autoload": {
                "classmap": [
                    ""
                ]
            },
            "notification-url": "https://packagist.org/downloads/",
            "license": [
                "MIT"
            ],
            "authors": [
                {
                    "name": "Matt Zukowski",
                    "email": "matt@zukowski.ca"
                },
                {
                    "name": "Donald Sipe",
                    "email": "donald.sipe@gmail.com"
                }
            ],
            "description": "A proper REST client for PHP.",
            "homepage": "https://github.com/educoder/pest",
            "time": "2013-11-17 12:58:01"
        },
        {
            "name": "hassankhan/config",
            "version": "0.8.2",
            "source": {
                "type": "git",
                "url": "https://github.com/hassankhan/config.git",
                "reference": "42ba051954745b565306f0f82c57814f54579f8d"
            },
            "dist": {
                "type": "zip",
                "url": "https://api.github.com/repos/hassankhan/config/zipball/42ba051954745b565306f0f82c57814f54579f8d",
                "reference": "42ba051954745b565306f0f82c57814f54579f8d",
                "shasum": ""
            },
            "require": {
                "php": ">=5.3.0"
            },
            "require-dev": {
                "phpunit/phpunit": "~4.0",
                "scrutinizer/ocular": "~1.1",
                "squizlabs/php_codesniffer": "~2.2"
            },
            "suggest": {
                "symfony/yaml": "~2.5"
            },
            "type": "library",
            "autoload": {
                "psr-4": {
                    "Noodlehaus\\": "src"
                }
            },
            "notification-url": "https://packagist.org/downloads/",
            "license": [
                "MIT"
            ],
            "authors": [
                {
                    "name": "Hassan Khan",
                    "homepage": "http://hassankhan.me/",
                    "role": "Developer"
                }
            ],
            "description": "Lightweight configuration file loader that supports PHP, INI, XML, JSON, and YAML files",
            "homepage": "http://hassankhan.me/config/",
            "keywords": [
                "config",
                "configuration",
                "ini",
                "json",
                "microphp",
                "unframework",
                "xml",
                "yaml",
                "yml"
            ],
            "time": "2015-03-21 11:21:39"
        },
        {
            "name": "slim/slim",
            "version": "2.6.2",
            "source": {
                "type": "git",
                "url": "https://github.com/slimphp/Slim.git",
                "reference": "20a02782f76830b67ae56a5c08eb1f563c351a37"
            },
            "dist": {
                "type": "zip",
                "url": "https://api.github.com/repos/slimphp/Slim/zipball/20a02782f76830b67ae56a5c08eb1f563c351a37",
                "reference": "20a02782f76830b67ae56a5c08eb1f563c351a37",
                "shasum": ""
            },
            "require": {
                "php": ">=5.3.0"
            },
            "suggest": {
                "ext-mcrypt": "Required for HTTP cookie encryption"
            },
            "type": "library",
            "autoload": {
                "psr-0": {
                    "Slim": "."
                }
            },
            "notification-url": "https://packagist.org/downloads/",
            "license": [
                "MIT"
            ],
            "authors": [
                {
                    "name": "Josh Lockhart",
                    "email": "info@joshlockhart.com",
                    "homepage": "http://www.joshlockhart.com/"
                }
            ],
            "description": "Slim Framework, a PHP micro framework",
            "homepage": "http://github.com/codeguy/Slim",
            "keywords": [
                "microframework",
                "rest",
                "router"
            ],
            "time": "2015-03-08 18:41:17"
        }
    ],
    "packages-dev": [],
    "aliases": [],
    "minimum-stability": "stable",
    "stability-flags": [],
    "prefer-stable": false,
    "prefer-lowest": false,
    "platform": [],
    "platform-dev": []
}
